
Microsoft Visual Studio Solution File, Format Version 12.00
# Visual Studio 2012
Project("{FAE04EC0-301F-11D3-BF4B-00C04F79EFBC}") = "FilterPattern", "FilterPattern\FilterPattern.csproj", "{9DFF3049-CB3F-4D2E-97B1-C436D756C36B}"
EndProject
Global
	GlobalSection(SolutionConfigurationPlatforms) = preSolution
		Debug|Any CPU = Debug|Any CPU
		Release|Any CPU = Release|Any CPU
	EndGlobalSection
	GlobalSection(ProjectConfigurationPlatforms) = postSolution
		{9DFF3049-CB3F-4D2E-97B1-C436D756C36B}.Debug|Any CPU.ActiveCfg = Debug|Any CPU
		{9DFF3049-CB3F-4D2E-97B1-C436D756C36B}.Debug|Any CPU.Build.0 = Debug|Any CPU
		{9DFF3049-CB3F-4D2E-97B1-C436D756C36B}.Release|Any CPU.ActiveCfg = Release|Any CPU
		{9DFF3049-CB3F-4D2E-97B1-C436D756C36B}.Release|Any CPU.Build.0 = Release|Any CPU
	EndGlobalSection
EndGlobal
