Microsoft Visual Studio Solution File, Format Version 12.00
# Visual Studio Version 16
VisualStudioVersion = 16.0.29609.76
MinimumVisualStudioVersion = 10.0.40219.1
Project("{9A19103F-16F7-4668-BE54-9A1E7A4F7556}") = "FilterPattern", "FilterPattern\FilterPattern.csproj", "{9DFF3049-CB3F-4D2E-97B1-C436D756C36B}"
EndProject
Project("{FAE04EC0-301F-11D3-BF4B-00C04F79EFBC}") = "MainApp", "MainApp\MainApp.csproj", "{26C61234-FABD-404C-A5FC-B72F24CC5C72}"
EndProject
Project("{9A19103F-16F7-4668-BE54-9A1E7A4F7556}") = "StrategyPattern", "StrategyPattern\StrategyPattern.csproj", "{7D014F28-435D-4C91-A32D-9C4E15F5C7D8}"
EndProject
Project("{FAE04EC0-301F-11D3-BF4B-00C04F79EFBC}") = "Tests", "Tests\Tests.csproj", "{FFD46B82-9ABD-46A7-B347-2BBBDE1722D5}"
EndProject
Global
	GlobalSection(SolutionConfigurationPlatforms) = preSolution
		Debug|Any CPU = Debug|Any CPU
		Release|Any CPU = Release|Any CPU
	EndGlobalSection
	GlobalSection(ProjectConfigurationPlatforms) = postSolution
		{9DFF3049-CB3F-4D2E-97B1-C436D756C36B}.Debug|Any CPU.ActiveCfg = Debug|Any CPU
		{9DFF3049-CB3F-4D2E-97B1-C436D756C36B}.Debug|Any CPU.Build.0 = Debug|Any CPU
		{9DFF3049-CB3F-4D2E-97B1-C436D756C36B}.Release|Any CPU.ActiveCfg = Release|Any CPU
		{9DFF3049-CB3F-4D2E-97B1-C436D756C36B}.Release|Any CPU.Build.0 = Release|Any CPU
		{26C61234-FABD-404C-A5FC-B72F24CC5C72}.Debug|Any CPU.ActiveCfg = Debug|Any CPU
		{26C61234-FABD-404C-A5FC-B72F24CC5C72}.Debug|Any CPU.Build.0 = Debug|Any CPU
		{26C61234-FABD-404C-A5FC-B72F24CC5C72}.Release|Any CPU.ActiveCfg = Release|Any CPU
		{26C61234-FABD-404C-A5FC-B72F24CC5C72}.Release|Any CPU.Build.0 = Release|Any CPU
		{7D014F28-435D-4C91-A32D-9C4E15F5C7D8}.Debug|Any CPU.ActiveCfg = Debug|Any CPU
		{7D014F28-435D-4C91-A32D-9C4E15F5C7D8}.Debug|Any CPU.Build.0 = Debug|Any CPU
		{7D014F28-435D-4C91-A32D-9C4E15F5C7D8}.Release|Any CPU.ActiveCfg = Release|Any CPU
		{7D014F28-435D-4C91-A32D-9C4E15F5C7D8}.Release|Any CPU.Build.0 = Release|Any CPU
		{FFD46B82-9ABD-46A7-B347-2BBBDE1722D5}.Debug|Any CPU.ActiveCfg = Debug|Any CPU
		{FFD46B82-9ABD-46A7-B347-2BBBDE1722D5}.Debug|Any CPU.Build.0 = Debug|Any CPU
		{FFD46B82-9ABD-46A7-B347-2BBBDE1722D5}.Release|Any CPU.ActiveCfg = Release|Any CPU
		{FFD46B82-9ABD-46A7-B347-2BBBDE1722D5}.Release|Any CPU.Build.0 = Release|Any CPU
	EndGlobalSection
	GlobalSection(SolutionProperties) = preSolution
		HideSolutionNode = FALSE
	EndGlobalSection
	GlobalSection(ExtensibilityGlobals) = postSolution
		SolutionGuid = {2283B81F-674F-4523-B42F-0B1465F884B5}
	EndGlobalSection
EndGlobal
